// !$*UTF8*$!
{
	archiveVersion = 1;
	classes = {
	};
	objectVersion = 50;
	objects = {

/* Begin PBXBuildFile section */
		82124AF624678F7400164BDD /* CardView.swift in Sources */ = {isa = PBXBuildFile; fileRef = 82124AF524678F7400164BDD /* CardView.swift */; };
		823569FC2471E5CC00E13BD1 /* Incident.swift in Sources */ = {isa = PBXBuildFile; fileRef = 823569FB2471E5CC00E13BD1 /* Incident.swift */; };
		8242F82E24774BDE007CCA68 /* Case.swift in Sources */ = {isa = PBXBuildFile; fileRef = 8242F82D24774BDE007CCA68 /* Case.swift */; };
		8242F8302477531E007CCA68 /* HttpService.swift in Sources */ = {isa = PBXBuildFile; fileRef = 8242F82F2477531E007CCA68 /* HttpService.swift */; };
		824EC5EB2461EE6D006F0A63 /* AppDelegate.swift in Sources */ = {isa = PBXBuildFile; fileRef = 824EC5EA2461EE6D006F0A63 /* AppDelegate.swift */; };
		824EC5ED2461EE6D006F0A63 /* SceneDelegate.swift in Sources */ = {isa = PBXBuildFile; fileRef = 824EC5EC2461EE6D006F0A63 /* SceneDelegate.swift */; };
		824EC5F02461EE6D006F0A63 /* bethehero.xcdatamodeld in Sources */ = {isa = PBXBuildFile; fileRef = 824EC5EE2461EE6D006F0A63 /* bethehero.xcdatamodeld */; };
		824EC5F22461EE6D006F0A63 /* ContentView.swift in Sources */ = {isa = PBXBuildFile; fileRef = 824EC5F12461EE6D006F0A63 /* ContentView.swift */; };
		824EC5F42461EE8B006F0A63 /* Assets.xcassets in Resources */ = {isa = PBXBuildFile; fileRef = 824EC5F32461EE8B006F0A63 /* Assets.xcassets */; };
		824EC5F72461EE8B006F0A63 /* Preview Assets.xcassets in Resources */ = {isa = PBXBuildFile; fileRef = 824EC5F62461EE8B006F0A63 /* Preview Assets.xcassets */; };
		824EC5FA2461EE8C006F0A63 /* LaunchScreen.storyboard in Resources */ = {isa = PBXBuildFile; fileRef = 824EC5F82461EE8B006F0A63 /* LaunchScreen.storyboard */; };
		824EC6052461EE8C006F0A63 /* betheheroTests.swift in Sources */ = {isa = PBXBuildFile; fileRef = 824EC6042461EE8C006F0A63 /* betheheroTests.swift */; };
		824EC6102461EE8C006F0A63 /* betheheroUITests.swift in Sources */ = {isa = PBXBuildFile; fileRef = 824EC60F2461EE8C006F0A63 /* betheheroUITests.swift */; };
/* End PBXBuildFile section */

/* Begin PBXContainerItemProxy section */
		824EC6012461EE8C006F0A63 /* PBXContainerItemProxy */ = {
			isa = PBXContainerItemProxy;
			containerPortal = 824EC5DF2461EE6D006F0A63 /* Project object */;
			proxyType = 1;
			remoteGlobalIDString = 824EC5E62461EE6D006F0A63;
			remoteInfo = bethehero;
		};
		824EC60C2461EE8C006F0A63 /* PBXContainerItemProxy */ = {
			isa = PBXContainerItemProxy;
			containerPortal = 824EC5DF2461EE6D006F0A63 /* Project object */;
			proxyType = 1;
			remoteGlobalIDString = 824EC5E62461EE6D006F0A63;
			remoteInfo = bethehero;
		};
/* End PBXContainerItemProxy section */

/* Begin PBXFileReference section */
		82124AF524678F7400164BDD /* CardView.swift */ = {isa = PBXFileReference; lastKnownFileType = sourcecode.swift; path = CardView.swift; sourceTree = "<group>"; };
		823569FB2471E5CC00E13BD1 /* Incident.swift */ = {isa = PBXFileReference; lastKnownFileType = sourcecode.swift; path = Incident.swift; sourceTree = "<group>"; };
		8242F82D24774BDE007CCA68 /* Case.swift */ = {isa = PBXFileReference; lastKnownFileType = sourcecode.swift; path = Case.swift; sourceTree = "<group>"; };
		8242F82F2477531E007CCA68 /* HttpService.swift */ = {isa = PBXFileReference; lastKnownFileType = sourcecode.swift; path = HttpService.swift; sourceTree = "<group>"; };
		824EC5E72461EE6D006F0A63 /* bethehero.app */ = {isa = PBXFileReference; explicitFileType = wrapper.application; includeInIndex = 0; path = bethehero.app; sourceTree = BUILT_PRODUCTS_DIR; };
		824EC5EA2461EE6D006F0A63 /* AppDelegate.swift */ = {isa = PBXFileReference; lastKnownFileType = sourcecode.swift; path = AppDelegate.swift; sourceTree = "<group>"; };
		824EC5EC2461EE6D006F0A63 /* SceneDelegate.swift */ = {isa = PBXFileReference; lastKnownFileType = sourcecode.swift; path = SceneDelegate.swift; sourceTree = "<group>"; };
		824EC5EF2461EE6D006F0A63 /* bethehero.xcdatamodel */ = {isa = PBXFileReference; lastKnownFileType = wrapper.xcdatamodel; path = bethehero.xcdatamodel; sourceTree = "<group>"; };
		824EC5F12461EE6D006F0A63 /* ContentView.swift */ = {isa = PBXFileReference; lastKnownFileType = sourcecode.swift; path = ContentView.swift; sourceTree = "<group>"; };
		824EC5F32461EE8B006F0A63 /* Assets.xcassets */ = {isa = PBXFileReference; lastKnownFileType = folder.assetcatalog; path = Assets.xcassets; sourceTree = "<group>"; };
		824EC5F62461EE8B006F0A63 /* Preview Assets.xcassets */ = {isa = PBXFileReference; lastKnownFileType = folder.assetcatalog; path = "Preview Assets.xcassets"; sourceTree = "<group>"; };
		824EC5F92461EE8B006F0A63 /* Base */ = {isa = PBXFileReference; lastKnownFileType = file.storyboard; name = Base; path = Base.lproj/LaunchScreen.storyboard; sourceTree = "<group>"; };
		824EC5FB2461EE8C006F0A63 /* Info.plist */ = {isa = PBXFileReference; lastKnownFileType = text.plist.xml; path = Info.plist; sourceTree = "<group>"; };
		824EC6002461EE8C006F0A63 /* betheheroTests.xctest */ = {isa = PBXFileReference; explicitFileType = wrapper.cfbundle; includeInIndex = 0; path = betheheroTests.xctest; sourceTree = BUILT_PRODUCTS_DIR; };
		824EC6042461EE8C006F0A63 /* betheheroTests.swift */ = {isa = PBXFileReference; lastKnownFileType = sourcecode.swift; path = betheheroTests.swift; sourceTree = "<group>"; };
		824EC6062461EE8C006F0A63 /* Info.plist */ = {isa = PBXFileReference; lastKnownFileType = text.plist.xml; path = Info.plist; sourceTree = "<group>"; };
		824EC60B2461EE8C006F0A63 /* betheheroUITests.xctest */ = {isa = PBXFileReference; explicitFileType = wrapper.cfbundle; includeInIndex = 0; path = betheheroUITests.xctest; sourceTree = BUILT_PRODUCTS_DIR; };
		824EC60F2461EE8C006F0A63 /* betheheroUITests.swift */ = {isa = PBXFileReference; lastKnownFileType = sourcecode.swift; path = betheheroUITests.swift; sourceTree = "<group>"; };
		824EC6112461EE8C006F0A63 /* Info.plist */ = {isa = PBXFileReference; lastKnownFileType = text.plist.xml; path = Info.plist; sourceTree = "<group>"; };
/* End PBXFileReference section */

/* Begin PBXFrameworksBuildPhase section */
		824EC5E42461EE6D006F0A63 /* Frameworks */ = {
			isa = PBXFrameworksBuildPhase;
			buildActionMask = 2147483647;
			files = (
			);
			runOnlyForDeploymentPostprocessing = 0;
		};
		824EC5FD2461EE8C006F0A63 /* Frameworks */ = {
			isa = PBXFrameworksBuildPhase;
			buildActionMask = 2147483647;
			files = (
			);
			runOnlyForDeploymentPostprocessing = 0;
		};
		824EC6082461EE8C006F0A63 /* Frameworks */ = {
			isa = PBXFrameworksBuildPhase;
			buildActionMask = 2147483647;
			files = (
			);
			runOnlyForDeploymentPostprocessing = 0;
		};
/* End PBXFrameworksBuildPhase section */

/* Begin PBXGroup section */
		824EC5DE2461EE6D006F0A63 = {
			isa = PBXGroup;
			children = (
				824EC5E92461EE6D006F0A63 /* bethehero */,
				824EC6032461EE8C006F0A63 /* betheheroTests */,
				824EC60E2461EE8C006F0A63 /* betheheroUITests */,
				824EC5E82461EE6D006F0A63 /* Products */,
			);
			sourceTree = "<group>";
		};
		824EC5E82461EE6D006F0A63 /* Products */ = {
			isa = PBXGroup;
			children = (
				824EC5E72461EE6D006F0A63 /* bethehero.app */,
				824EC6002461EE8C006F0A63 /* betheheroTests.xctest */,
				824EC60B2461EE8C006F0A63 /* betheheroUITests.xctest */,
			);
			name = Products;
			sourceTree = "<group>";
		};
		824EC5E92461EE6D006F0A63 /* bethehero */ = {
			isa = PBXGroup;
			children = (
				824EC5EA2461EE6D006F0A63 /* AppDelegate.swift */,
				824EC5EC2461EE6D006F0A63 /* SceneDelegate.swift */,
				824EC5F12461EE6D006F0A63 /* ContentView.swift */,
				824EC5F32461EE8B006F0A63 /* Assets.xcassets */,
				824EC5F82461EE8B006F0A63 /* LaunchScreen.storyboard */,
				824EC5FB2461EE8C006F0A63 /* Info.plist */,
				824EC5EE2461EE6D006F0A63 /* bethehero.xcdatamodeld */,
				824EC5F52461EE8B006F0A63 /* Preview Content */,
				82124AF524678F7400164BDD /* CardView.swift */,
				823569FB2471E5CC00E13BD1 /* Incident.swift */,
				8242F82D24774BDE007CCA68 /* Case.swift */,
				8242F82F2477531E007CCA68 /* HttpService.swift */,
			);
			path = bethehero;
			sourceTree = "<group>";
		};
		824EC5F52461EE8B006F0A63 /* Preview Content */ = {
			isa = PBXGroup;
			children = (
				824EC5F62461EE8B006F0A63 /* Preview Assets.xcassets */,
			);
			path = "Preview Content";
			sourceTree = "<group>";
		};
		824EC6032461EE8C006F0A63 /* betheheroTests */ = {
			isa = PBXGroup;
			children = (
				824EC6042461EE8C006F0A63 /* betheheroTests.swift */,
				824EC6062461EE8C006F0A63 /* Info.plist */,
			);
			path = betheheroTests;
			sourceTree = "<group>";
		};
		824EC60E2461EE8C006F0A63 /* betheheroUITests */ = {
			isa = PBXGroup;
			children = (
				824EC60F2461EE8C006F0A63 /* betheheroUITests.swift */,
				824EC6112461EE8C006F0A63 /* Info.plist */,
			);
			path = betheheroUITests;
			sourceTree = "<group>";
		};
/* End PBXGroup section */

/* Begin PBXNativeTarget section */
		824EC5E62461EE6D006F0A63 /* bethehero */ = {
			isa = PBXNativeTarget;
			buildConfigurationList = 824EC6142461EE8C006F0A63 /* Build configuration list for PBXNativeTarget "bethehero" */;
			buildPhases = (
				824EC5E32461EE6D006F0A63 /* Sources */,
				824EC5E42461EE6D006F0A63 /* Frameworks */,
				824EC5E52461EE6D006F0A63 /* Resources */,
			);
			buildRules = (
			);
			dependencies = (
			);
			name = bethehero;
			productName = bethehero;
			productReference = 824EC5E72461EE6D006F0A63 /* bethehero.app */;
			productType = "com.apple.product-type.application";
		};
		824EC5FF2461EE8C006F0A63 /* betheheroTests */ = {
			isa = PBXNativeTarget;
			buildConfigurationList = 824EC6172461EE8C006F0A63 /* Build configuration list for PBXNativeTarget "betheheroTests" */;
			buildPhases = (
				824EC5FC2461EE8C006F0A63 /* Sources */,
				824EC5FD2461EE8C006F0A63 /* Frameworks */,
				824EC5FE2461EE8C006F0A63 /* Resources */,
			);
			buildRules = (
			);
			dependencies = (
				824EC6022461EE8C006F0A63 /* PBXTargetDependency */,
			);
			name = betheheroTests;
			productName = betheheroTests;
			productReference = 824EC6002461EE8C006F0A63 /* betheheroTests.xctest */;
			productType = "com.apple.product-type.bundle.unit-test";
		};
		824EC60A2461EE8C006F0A63 /* betheheroUITests */ = {
			isa = PBXNativeTarget;
			buildConfigurationList = 824EC61A2461EE8C006F0A63 /* Build configuration list for PBXNativeTarget "betheheroUITests" */;
			buildPhases = (
				824EC6072461EE8C006F0A63 /* Sources */,
				824EC6082461EE8C006F0A63 /* Frameworks */,
				824EC6092461EE8C006F0A63 /* Resources */,
			);
			buildRules = (
			);
			dependencies = (
				824EC60D2461EE8C006F0A63 /* PBXTargetDependency */,
			);
			name = betheheroUITests;
			productName = betheheroUITests;
			productReference = 824EC60B2461EE8C006F0A63 /* betheheroUITests.xctest */;
			productType = "com.apple.product-type.bundle.ui-testing";
		};
/* End PBXNativeTarget section */

/* Begin PBXProject section */
		824EC5DF2461EE6D006F0A63 /* Project object */ = {
			isa = PBXProject;
			attributes = {
				LastSwiftUpdateCheck = 1140;
				LastUpgradeCheck = 1140;
				ORGANIZATIONNAME = "Vanessa Furtado";
				TargetAttributes = {
					824EC5E62461EE6D006F0A63 = {
						CreatedOnToolsVersion = 11.4.1;
					};
					824EC5FF2461EE8C006F0A63 = {
						CreatedOnToolsVersion = 11.4.1;
						TestTargetID = 824EC5E62461EE6D006F0A63;
					};
					824EC60A2461EE8C006F0A63 = {
						CreatedOnToolsVersion = 11.4.1;
						TestTargetID = 824EC5E62461EE6D006F0A63;
					};
				};
			};
			buildConfigurationList = 824EC5E22461EE6D006F0A63 /* Build configuration list for PBXProject "bethehero" */;
			compatibilityVersion = "Xcode 9.3";
			developmentRegion = en;
			hasScannedForEncodings = 0;
			knownRegions = (
				en,
				Base,
			);
			mainGroup = 824EC5DE2461EE6D006F0A63;
			productRefGroup = 824EC5E82461EE6D006F0A63 /* Products */;
			projectDirPath = "";
			projectRoot = "";
			targets = (
				824EC5E62461EE6D006F0A63 /* bethehero */,
				824EC5FF2461EE8C006F0A63 /* betheheroTests */,
				824EC60A2461EE8C006F0A63 /* betheheroUITests */,
			);
		};
/* End PBXProject section */

/* Begin PBXResourcesBuildPhase section */
		824EC5E52461EE6D006F0A63 /* Resources */ = {
			isa = PBXResourcesBuildPhase;
			buildActionMask = 2147483647;
			files = (
				824EC5FA2461EE8C006F0A63 /* LaunchScreen.storyboard in Resources */,
				824EC5F72461EE8B006F0A63 /* Preview Assets.xcassets in Resources */,
				824EC5F42461EE8B006F0A63 /* Assets.xcassets in Resources */,
			);
			runOnlyForDeploymentPostprocessing = 0;
		};
		824EC5FE2461EE8C006F0A63 /* Resources */ = {
			isa = PBXResourcesBuildPhase;
			buildActionMask = 2147483647;
			files = (
			);
			runOnlyForDeploymentPostprocessing = 0;
		};
		824EC6092461EE8C006F0A63 /* Resources */ = {
			isa = PBXResourcesBuildPhase;
			buildActionMask = 2147483647;
			files = (
			);
			runOnlyForDeploymentPostprocessing = 0;
		};
/* End PBXResourcesBuildPhase section */

/* Begin PBXSourcesBuildPhase section */
		824EC5E32461EE6D006F0A63 /* Sources */ = {
			isa = PBXSourcesBuildPhase;
			buildActionMask = 2147483647;
			files = (
				824EC5EB2461EE6D006F0A63 /* AppDelegate.swift in Sources */,
				823569FC2471E5CC00E13BD1 /* Incident.swift in Sources */,
				8242F82E24774BDE007CCA68 /* Case.swift in Sources */,
				824EC5F02461EE6D006F0A63 /* bethehero.xcdatamodeld in Sources */,
				824EC5F22461EE6D006F0A63 /* ContentView.swift in Sources */,
				8242F8302477531E007CCA68 /* HttpService.swift in Sources */,
				824EC5ED2461EE6D006F0A63 /* SceneDelegate.swift in Sources */,
				82124AF624678F7400164BDD /* CardView.swift in Sources */,
			);
			runOnlyForDeploymentPostprocessing = 0;
		};
		824EC5FC2461EE8C006F0A63 /* Sources */ = {
			isa = PBXSourcesBuildPhase;
			buildActionMask = 2147483647;
			files = (
				824EC6052461EE8C006F0A63 /* betheheroTests.swift in Sources */,
			);
			runOnlyForDeploymentPostprocessing = 0;
		};
		824EC6072461EE8C006F0A63 /* Sources */ = {
			isa = PBXSourcesBuildPhase;
			buildActionMask = 2147483647;
			files = (
				824EC6102461EE8C006F0A63 /* betheheroUITests.swift in Sources */,
			);
			runOnlyForDeploymentPostprocessing = 0;
		};
/* End PBXSourcesBuildPhase section */

/* Begin PBXTargetDependency section */
		824EC6022461EE8C006F0A63 /* PBXTargetDependency */ = {
			isa = PBXTargetDependency;
			target = 824EC5E62461EE6D006F0A63 /* bethehero */;
			targetProxy = 824EC6012461EE8C006F0A63 /* PBXContainerItemProxy */;
		};
		824EC60D2461EE8C006F0A63 /* PBXTargetDependency */ = {
			isa = PBXTargetDependency;
			target = 824EC5E62461EE6D006F0A63 /* bethehero */;
			targetProxy = 824EC60C2461EE8C006F0A63 /* PBXContainerItemProxy */;
		};
/* End PBXTargetDependency section */

/* Begin PBXVariantGroup section */
		824EC5F82461EE8B006F0A63 /* LaunchScreen.storyboard */ = {
			isa = PBXVariantGroup;
			children = (
				824EC5F92461EE8B006F0A63 /* Base */,
			);
			name = LaunchScreen.storyboard;
			sourceTree = "<group>";
		};
/* End PBXVariantGroup section */

/* Begin XCBuildConfiguration section */
		824EC6122461EE8C006F0A63 /* Debug */ = {
			isa = XCBuildConfiguration;
			buildSettings = {
				ALWAYS_SEARCH_USER_PATHS = NO;
				CLANG_ANALYZER_NONNULL = YES;
				CLANG_ANALYZER_NUMBER_OBJECT_CONVERSION = YES_AGGRESSIVE;
				CLANG_CXX_LANGUAGE_STANDARD = "gnu++14";
				CLANG_CXX_LIBRARY = "libc++";
				CLANG_ENABLE_MODULES = YES;
				CLANG_ENABLE_OBJC_ARC = YES;
				CLANG_ENABLE_OBJC_WEAK = YES;
				CLANG_WARN_BLOCK_CAPTURE_AUTORELEASING = YES;
				CLANG_WARN_BOOL_CONVERSION = YES;
				CLANG_WARN_COMMA = YES;
				CLANG_WARN_CONSTANT_CONVERSION = YES;
				CLANG_WARN_DEPRECATED_OBJC_IMPLEMENTATIONS = YES;
				CLANG_WARN_DIRECT_OBJC_ISA_USAGE = YES_ERROR;
				CLANG_WARN_DOCUMENTATION_COMMENTS = YES;
				CLANG_WARN_EMPTY_BODY = YES;
				CLANG_WARN_ENUM_CONVERSION = YES;
				CLANG_WARN_INFINITE_RECURSION = YES;
				CLANG_WARN_INT_CONVERSION = YES;
				CLANG_WARN_NON_LITERAL_NULL_CONVERSION = YES;
				CLANG_WARN_OBJC_IMPLICIT_RETAIN_SELF = YES;
				CLANG_WARN_OBJC_LITERAL_CONVERSION = YES;
				CLANG_WARN_OBJC_ROOT_CLASS = YES_ERROR;
				CLANG_WARN_RANGE_LOOP_ANALYSIS = YES;
				CLANG_WARN_STRICT_PROTOTYPES = YES;
				CLANG_WARN_SUSPICIOUS_MOVE = YES;
				CLANG_WARN_UNGUARDED_AVAILABILITY = YES_AGGRESSIVE;
				CLANG_WARN_UNREACHABLE_CODE = YES;
				CLANG_WARN__DUPLICATE_METHOD_MATCH = YES;
				COPY_PHASE_STRIP = NO;
				DEBUG_INFORMATION_FORMAT = dwarf;
				ENABLE_STRICT_OBJC_MSGSEND = YES;
				ENABLE_TESTABILITY = YES;
				GCC_C_LANGUAGE_STANDARD = gnu11;
				GCC_DYNAMIC_NO_PIC = NO;
				GCC_NO_COMMON_BLOCKS = YES;
				GCC_OPTIMIZATION_LEVEL = 0;
				GCC_PREPROCESSOR_DEFINITIONS = (
					"DEBUG=1",
					"$(inherited)",
				);
				GCC_WARN_64_TO_32_BIT_CONVERSION = YES;
				GCC_WARN_ABOUT_RETURN_TYPE = YES_ERROR;
				GCC_WARN_UNDECLARED_SELECTOR = YES;
				GCC_WARN_UNINITIALIZED_AUTOS = YES_AGGRESSIVE;
				GCC_WARN_UNUSED_FUNCTION = YES;
				GCC_WARN_UNUSED_VARIABLE = YES;
				IPHONEOS_DEPLOYMENT_TARGET = 13.4;
				MTL_ENABLE_DEBUG_INFO = INCLUDE_SOURCE;
				MTL_FAST_MATH = YES;
				ONLY_ACTIVE_ARCH = YES;
				SDKROOT = iphoneos;
				SWIFT_ACTIVE_COMPILATION_CONDITIONS = DEBUG;
				SWIFT_OPTIMIZATION_LEVEL = "-Onone";
			};
			name = Debug;
		};
		824EC6132461EE8C006F0A63 /* Release */ = {
			isa = XCBuildConfiguration;
			buildSettings = {
				ALWAYS_SEARCH_USER_PATHS = NO;
				CLANG_ANALYZER_NONNULL = YES;
				CLANG_ANALYZER_NUMBER_OBJECT_CONVERSION = YES_AGGRESSIVE;
				CLANG_CXX_LANGUAGE_STANDARD = "gnu++14";
				CLANG_CXX_LIBRARY = "libc++";
				CLANG_ENABLE_MODULES = YES;
				CLANG_ENABLE_OBJC_ARC = YES;
				CLANG_ENABLE_OBJC_WEAK = YES;
				CLANG_WARN_BLOCK_CAPTURE_AUTORELEASING = YES;
				CLANG_WARN_BOOL_CONVERSION = YES;
				CLANG_WARN_COMMA = YES;
				CLANG_WARN_CONSTANT_CONVERSION = YES;
				CLANG_WARN_DEPRECATED_OBJC_IMPLEMENTATIONS = YES;
				CLANG_WARN_DIRECT_OBJC_ISA_USAGE = YES_ERROR;
				CLANG_WARN_DOCUMENTATION_COMMENTS = YES;
				CLANG_WARN_EMPTY_BODY = YES;
				CLANG_WARN_ENUM_CONVERSION = YES;
				CLANG_WARN_INFINITE_RECURSION = YES;
				CLANG_WARN_INT_CONVERSION = YES;
				CLANG_WARN_NON_LITERAL_NULL_CONVERSION = YES;
				CLANG_WARN_OBJC_IMPLICIT_RETAIN_SELF = YES;
				CLANG_WARN_OBJC_LITERAL_CONVERSION = YES;
				CLANG_WARN_OBJC_ROOT_CLASS = YES_ERROR;
				CLANG_WARN_RANGE_LOOP_ANALYSIS = YES;
				CLANG_WARN_STRICT_PROTOTYPES = YES;
				CLANG_WARN_SUSPICIOUS_MOVE = YES;
				CLANG_WARN_UNGUARDED_AVAILABILITY = YES_AGGRESSIVE;
				CLANG_WARN_UNREACHABLE_CODE = YES;
				CLANG_WARN__DUPLICATE_METHOD_MATCH = YES;
				COPY_PHASE_STRIP = NO;
				DEBUG_INFORMATION_FORMAT = "dwarf-with-dsym";
				ENABLE_NS_ASSERTIONS = NO;
				ENABLE_STRICT_OBJC_MSGSEND = YES;
				GCC_C_LANGUAGE_STANDARD = gnu11;
				GCC_NO_COMMON_BLOCKS = YES;
				GCC_WARN_64_TO_32_BIT_CONVERSION = YES;
				GCC_WARN_ABOUT_RETURN_TYPE = YES_ERROR;
				GCC_WARN_UNDECLARED_SELECTOR = YES;
				GCC_WARN_UNINITIALIZED_AUTOS = YES_AGGRESSIVE;
				GCC_WARN_UNUSED_FUNCTION = YES;
				GCC_WARN_UNUSED_VARIABLE = YES;
				IPHONEOS_DEPLOYMENT_TARGET = 13.4;
				MTL_ENABLE_DEBUG_INFO = NO;
				MTL_FAST_MATH = YES;
				SDKROOT = iphoneos;
				SWIFT_COMPILATION_MODE = wholemodule;
				SWIFT_OPTIMIZATION_LEVEL = "-O";
				VALIDATE_PRODUCT = YES;
			};
			name = Release;
		};
		824EC6152461EE8C006F0A63 /* Debug */ = {
			isa = XCBuildConfiguration;
			buildSettings = {
				ASSETCATALOG_COMPILER_APPICON_NAME = AppIcon;
				CODE_SIGN_STYLE = Automatic;
				DEVELOPMENT_ASSET_PATHS = "\"bethehero/Preview Content\"";
				ENABLE_PREVIEWS = YES;
				INFOPLIST_FILE = bethehero/Info.plist;
				LD_RUNPATH_SEARCH_PATHS = (
					"$(inherited)",
					"@executable_path/Frameworks",
				);
				PRODUCT_BUNDLE_IDENTIFIER = vanessafurtado.bethehero;
				PRODUCT_NAME = "$(TARGET_NAME)";
				SWIFT_VERSION = 5.0;
				TARGETED_DEVICE_FAMILY = "1,2";
			};
			name = Debug;
		};
		824EC6162461EE8C006F0A63 /* Release */ = {
			isa = XCBuildConfiguration;
			buildSettings = {
				ASSETCATALOG_COMPILER_APPICON_NAME = AppIcon;
				CODE_SIGN_STYLE = Automatic;
				DEVELOPMENT_ASSET_PATHS = "\"bethehero/Preview Content\"";
				ENABLE_PREVIEWS = YES;
				INFOPLIST_FILE = bethehero/Info.plist;
				LD_RUNPATH_SEARCH_PATHS = (
					"$(inherited)",
					"@executable_path/Frameworks",
				);
				PRODUCT_BUNDLE_IDENTIFIER = vanessafurtado.bethehero;
				PRODUCT_NAME = "$(TARGET_NAME)";
				SWIFT_VERSION = 5.0;
				TARGETED_DEVICE_FAMILY = "1,2";
			};
			name = Release;
		};
		824EC6182461EE8C006F0A63 /* Debug */ = {
			isa = XCBuildConfiguration;
			buildSettings = {
				ALWAYS_EMBED_SWIFT_STANDARD_LIBRARIES = YES;
				BUNDLE_LOADER = "$(TEST_HOST)";
				CODE_SIGN_STYLE = Automatic;
				INFOPLIST_FILE = betheheroTests/Info.plist;
				IPHONEOS_DEPLOYMENT_TARGET = 13.4;
				LD_RUNPATH_SEARCH_PATHS = (
					"$(inherited)",
					"@executable_path/Frameworks",
					"@loader_path/Frameworks",
				);
				PRODUCT_BUNDLE_IDENTIFIER = vanessafurtado.betheheroTests;
				PRODUCT_NAME = "$(TARGET_NAME)";
				SWIFT_VERSION = 5.0;
				TARGETED_DEVICE_FAMILY = "1,2";
				TEST_HOST = "$(BUILT_PRODUCTS_DIR)/bethehero.app/bethehero";
			};
			name = Debug;
		};
		824EC6192461EE8C006F0A63 /* Release */ = {
			isa = XCBuildConfiguration;
			buildSettings = {
				ALWAYS_EMBED_SWIFT_STANDARD_LIBRARIES = YES;
				BUNDLE_LOADER = "$(TEST_HOST)";
				CODE_SIGN_STYLE = Automatic;
				INFOPLIST_FILE = betheheroTests/Info.plist;
				IPHONEOS_DEPLOYMENT_TARGET = 13.4;
				LD_RUNPATH_SEARCH_PATHS = (
					"$(inherited)",
					"@executable_path/Frameworks",
					"@loader_path/Frameworks",
				);
				PRODUCT_BUNDLE_IDENTIFIER = vanessafurtado.betheheroTests;
				PRODUCT_NAME = "$(TARGET_NAME)";
				SWIFT_VERSION = 5.0;
				TARGETED_DEVICE_FAMILY = "1,2";
				TEST_HOST = "$(BUILT_PRODUCTS_DIR)/bethehero.app/bethehero";
			};
			name = Release;
		};
		824EC61B2461EE8C006F0A63 /* Debug */ = {
			isa = XCBuildConfiguration;
			buildSettings = {
				ALWAYS_EMBED_SWIFT_STANDARD_LIBRARIES = YES;
				CODE_SIGN_STYLE = Automatic;
				INFOPLIST_FILE = betheheroUITests/Info.plist;
				LD_RUNPATH_SEARCH_PATHS = (
					"$(inherited)",
					"@executable_path/Frameworks",
					"@loader_path/Frameworks",
				);
				PRODUCT_BUNDLE_IDENTIFIER = vanessafurtado.betheheroUITests;
				PRODUCT_NAME = "$(TARGET_NAME)";
				SWIFT_VERSION = 5.0;
				TARGETED_DEVICE_FAMILY = "1,2";
				TEST_TARGET_NAME = bethehero;
			};
			name = Debug;
		};
		824EC61C2461EE8C006F0A63 /* Release */ = {
			isa = XCBuildConfiguration;
			buildSettings = {
				ALWAYS_EMBED_SWIFT_STANDARD_LIBRARIES = YES;
				CODE_SIGN_STYLE = Automatic;
				INFOPLIST_FILE = betheheroUITests/Info.plist;
				LD_RUNPATH_SEARCH_PATHS = (
					"$(inherited)",
					"@executable_path/Frameworks",
					"@loader_path/Frameworks",
				);
				PRODUCT_BUNDLE_IDENTIFIER = vanessafurtado.betheheroUITests;
				PRODUCT_NAME = "$(TARGET_NAME)";
				SWIFT_VERSION = 5.0;
				TARGETED_DEVICE_FAMILY = "1,2";
				TEST_TARGET_NAME = bethehero;
			};
			name = Release;
		};
/* End XCBuildConfiguration section */

/* Begin XCConfigurationList section */
		824EC5E22461EE6D006F0A63 /* Build configuration list for PBXProject "bethehero" */ = {
			isa = XCConfigurationList;
			buildConfigurations = (
				824EC6122461EE8C006F0A63 /* Debug */,
				824EC6132461EE8C006F0A63 /* Release */,
			);
			defaultConfigurationIsVisible = 0;
			defaultConfigurationName = Release;
		};
		824EC6142461EE8C006F0A63 /* Build configuration list for PBXNativeTarget "bethehero" */ = {
			isa = XCConfigurationList;
			buildConfigurations = (
				824EC6152461EE8C006F0A63 /* Debug */,
				824EC6162461EE8C006F0A63 /* Release */,
			);
			defaultConfigurationIsVisible = 0;
			defaultConfigurationName = Release;
		};
		824EC6172461EE8C006F0A63 /* Build configuration list for PBXNativeTarget "betheheroTests" */ = {
			isa = XCConfigurationList;
			buildConfigurations = (
				824EC6182461EE8C006F0A63 /* Debug */,
				824EC6192461EE8C006F0A63 /* Release */,
			);
			defaultConfigurationIsVisible = 0;
			defaultConfigurationName = Release;
		};
		824EC61A2461EE8C006F0A63 /* Build configuration list for PBXNativeTarget "betheheroUITests" */ = {
			isa = XCConfigurationList;
			buildConfigurations = (
				824EC61B2461EE8C006F0A63 /* Debug */,
				824EC61C2461EE8C006F0A63 /* Release */,
			);
			defaultConfigurationIsVisible = 0;
			defaultConfigurationName = Release;
		};
/* End XCConfigurationList section */

/* Begin XCVersionGroup section */
		824EC5EE2461EE6D006F0A63 /* bethehero.xcdatamodeld */ = {
			isa = XCVersionGroup;
			children = (
				824EC5EF2461EE6D006F0A63 /* bethehero.xcdatamodel */,
			);
			currentVersion = 824EC5EF2461EE6D006F0A63 /* bethehero.xcdatamodel */;
			path = bethehero.xcdatamodeld;
			sourceTree = "<group>";
			versionGroupType = wrapper.xcdatamodel;
		};
/* End XCVersionGroup section */
	};
	rootObject = 824EC5DF2461EE6D006F0A63 /* Project object */;
}
